
Microsoft Visual Studio Solution File, Format Version 12.00
# Visual Studio Version 17
VisualStudioVersion = 17.4.33213.308
MinimumVisualStudioVersion = 10.0.40219.1
Project("{FAE04EC0-301F-11D3-BF4B-00C04F79EFBC}") = "Poo-estructura", "Poo-estructura\Poo-estructura.csproj", "{B23A7952-15DC-4BA3-9A1D-A992B327579B}"
EndProject
Global
	GlobalSection(SolutionConfigurationPlatforms) = preSolution
		Debug|Any CPU = Debug|Any CPU
		Release|Any CPU = Release|Any CPU
	EndGlobalSection
	GlobalSection(ProjectConfigurationPlatforms) = postSolution
		{B23A7952-15DC-4BA3-9A1D-A992B327579B}.Debug|Any CPU.ActiveCfg = Debug|Any CPU
		{B23A7952-15DC-4BA3-9A1D-A992B327579B}.Debug|Any CPU.Build.0 = Debug|Any CPU
		{B23A7952-15DC-4BA3-9A1D-A992B327579B}.Release|Any CPU.ActiveCfg = Release|Any CPU
		{B23A7952-15DC-4BA3-9A1D-A992B327579B}.Release|Any CPU.Build.0 = Release|Any CPU
	EndGlobalSection
	GlobalSection(SolutionProperties) = preSolution
		HideSolutionNode = FALSE
	EndGlobalSection
	GlobalSection(ExtensibilityGlobals) = postSolution
		SolutionGuid = {6202154D-34E8-4152-ABDD-06B59C8FC1EC}
	EndGlobalSection
EndGlobal
